Microsoft Visual Studio Solution File, Format Version 12.00
# Visual Studio Version 17
VisualStudioVersion = 17.5.2.0
MinimumVisualStudioVersion = 10.0.40219.1
Project("{FAE04EC0-301F-11D3-BF4B-00C04F79EFBC}") = "VoteApi", "VoteApi\VoteApi.csproj", "{60C06FD2-7652-4EF9-52A4-2F2C9365356E}"
EndProject
Global
	GlobalSection(SolutionConfigurationPlatforms) = preSolution
		Debug|Any CPU = Debug|Any CPU
		Release|Any CPU = Release|Any CPU
	EndGlobalSection
	GlobalSection(ProjectConfigurationPlatforms) = postSolution
		{60C06FD2-7652-4EF9-52A4-2F2C9365356E}.Debug|Any CPU.ActiveCfg = Debug|Any CPU
		{60C06FD2-7652-4EF9-52A4-2F2C9365356E}.Debug|Any CPU.Build.0 = Debug|Any CPU
		{60C06FD2-7652-4EF9-52A4-2F2C9365356E}.Release|Any CPU.ActiveCfg = Release|Any CPU
		{60C06FD2-7652-4EF9-52A4-2F2C9365356E}.Release|Any CPU.Build.0 = Release|Any CPU
	EndGlobalSection
	GlobalSection(SolutionProperties) = preSolution
		HideSolutionNode = FALSE
	EndGlobalSection
	GlobalSection(ExtensibilityGlobals) = postSolution
		SolutionGuid = {1F6C58C5-480D-49B4-BD71-D7AE37348452}
	EndGlobalSection
EndGlobal
